# This file is automatically @generated by Cargo.
# It is not intended for manual editing.
version = 3

[[package]]
name = "functors"
version = "0.1.0"

[[package]]
name = "macros"
version = "0.1.0"

[[package]]
name = "ops_overload"
version = "0.1.0"

[[package]]
name = "super_traits"
version = "0.1.0"

[[package]]
name = "type_alias"
version = "0.1.0"
